
Microsoft Visual Studio Solution File, Format Version 12.00
# Visual Studio Version 17
VisualStudioVersion = 17.4.33213.308
MinimumVisualStudioVersion = 10.0.40219.1
Project("{FAE04EC0-301F-11D3-BF4B-00C04F79EFBC}") = "LaborationRefactoring", "LaborationRefactoring\LaborationRefactoring.csproj", "{41FF0394-8CFE-43C8-8B92-9C2B5EFFD1FF}"
EndProject
Project("{FAE04EC0-301F-11D3-BF4B-00C04F79EFBC}") = "LaborationRefactoring.Test", "LaborationRefactoring.Test\LaborationRefactoring.Test.csproj", "{B527DB97-389A-4972-BAC4-51E69ED8904E}"
EndProject
Global
	GlobalSection(SolutionConfigurationPlatforms) = preSolution
		Debug|Any CPU = Debug|Any CPU
		Release|Any CPU = Release|Any CPU
	EndGlobalSection
	GlobalSection(ProjectConfigurationPlatforms) = postSolution
		{41FF0394-8CFE-43C8-8B92-9C2B5EFFD1FF}.Debug|Any CPU.ActiveCfg = Debug|Any CPU
		{41FF0394-8CFE-43C8-8B92-9C2B5EFFD1FF}.Debug|Any CPU.Build.0 = Debug|Any CPU
		{41FF0394-8CFE-43C8-8B92-9C2B5EFFD1FF}.Release|Any CPU.ActiveCfg = Release|Any CPU
		{41FF0394-8CFE-43C8-8B92-9C2B5EFFD1FF}.Release|Any CPU.Build.0 = Release|Any CPU
		{B527DB97-389A-4972-BAC4-51E69ED8904E}.Debug|Any CPU.ActiveCfg = Debug|Any CPU
		{B527DB97-389A-4972-BAC4-51E69ED8904E}.Debug|Any CPU.Build.0 = Debug|Any CPU
		{B527DB97-389A-4972-BAC4-51E69ED8904E}.Release|Any CPU.ActiveCfg = Release|Any CPU
		{B527DB97-389A-4972-BAC4-51E69ED8904E}.Release|Any CPU.Build.0 = Release|Any CPU
	EndGlobalSection
	GlobalSection(SolutionProperties) = preSolution
		HideSolutionNode = FALSE
	EndGlobalSection
	GlobalSection(ExtensibilityGlobals) = postSolution
		SolutionGuid = {E88E3279-87FB-4B2C-BACE-64EA908C1F48}
	EndGlobalSection
EndGlobal
